// !$*UTF8*$!
{
	archiveVersion = 1;
	classes = {
	};
	objectVersion = 50;
	objects = {

/* Begin PBXBuildFile section */
		465B8DA9219E0648002C26C4 /* GameViewController.swift in Sources */ = {isa = PBXBuildFile; fileRef = 465B8DA7219E0648002C26C4 /* GameViewController.swift */; };
		465B8DAA219E0648002C26C4 /* GameViewController.xib in Resources */ = {isa = PBXBuildFile; fileRef = 465B8DA8219E0648002C26C4 /* GameViewController.xib */; };
		465B8DAC219F51DA002C26C4 /* Extensions.swift in Sources */ = {isa = PBXBuildFile; fileRef = 465B8DAB219F51DA002C26C4 /* Extensions.swift */; };
		465B8DAE219F8026002C26C4 /* Constants.swift in Sources */ = {isa = PBXBuildFile; fileRef = 465B8DAD219F8026002C26C4 /* Constants.swift */; };
		465B8DB1219FF946002C26C4 /* MessageTableViewCell.swift in Sources */ = {isa = PBXBuildFile; fileRef = 465B8DAF219FF946002C26C4 /* MessageTableViewCell.swift */; };
		465B8DB2219FF946002C26C4 /* MessageTableViewCell.xib in Resources */ = {isa = PBXBuildFile; fileRef = 465B8DB0219FF946002C26C4 /* MessageTableViewCell.xib */; };
		465B8DB421A2FEC8002C26C4 /* GameManager.swift in Sources */ = {isa = PBXBuildFile; fileRef = 465B8DB321A2FEC8002C26C4 /* GameManager.swift */; };
		46BA5090219DBF520079BD11 /* AppDelegate.swift in Sources */ = {isa = PBXBuildFile; fileRef = 46BA508F219DBF520079BD11 /* AppDelegate.swift */; };
		46BA5097219DBF540079BD11 /* Assets.xcassets in Resources */ = {isa = PBXBuildFile; fileRef = 46BA5096219DBF540079BD11 /* Assets.xcassets */; };
		46BA509A219DBF540079BD11 /* LaunchScreen.storyboard in Resources */ = {isa = PBXBuildFile; fileRef = 46BA5098219DBF540079BD11 /* LaunchScreen.storyboard */; };
		46BA50A3219DC1E10079BD11 /* MainViewController.swift in Sources */ = {isa = PBXBuildFile; fileRef = 46BA50A1219DC1E10079BD11 /* MainViewController.swift */; };
		46BA50A4219DC1E10079BD11 /* MainViewController.xib in Resources */ = {isa = PBXBuildFile; fileRef = 46BA50A2219DC1E10079BD11 /* MainViewController.xib */; };
/* End PBXBuildFile section */

/* Begin PBXFileReference section */
		465B8DA7219E0648002C26C4 /* GameViewController.swift */ = {isa = PBXFileReference; lastKnownFileType = sourcecode.swift; path = GameViewController.swift; sourceTree = "<group>"; };
		465B8DA8219E0648002C26C4 /* GameViewController.xib */ = {isa = PBXFileReference; lastKnownFileType = file.xib; path = GameViewController.xib; sourceTree = "<group>"; };
		465B8DAB219F51DA002C26C4 /* Extensions.swift */ = {isa = PBXFileReference; lastKnownFileType = sourcecode.swift; path = Extensions.swift; sourceTree = "<group>"; };
		465B8DAD219F8026002C26C4 /* Constants.swift */ = {isa = PBXFileReference; lastKnownFileType = sourcecode.swift; path = Constants.swift; sourceTree = "<group>"; };
		465B8DAF219FF946002C26C4 /* MessageTableViewCell.swift */ = {isa = PBXFileReference; lastKnownFileType = sourcecode.swift; path = MessageTableViewCell.swift; sourceTree = "<group>"; };
		465B8DB0219FF946002C26C4 /* MessageTableViewCell.xib */ = {isa = PBXFileReference; lastKnownFileType = file.xib; path = MessageTableViewCell.xib; sourceTree = "<group>"; };
		465B8DB321A2FEC8002C26C4 /* GameManager.swift */ = {isa = PBXFileReference; lastKnownFileType = sourcecode.swift; path = GameManager.swift; sourceTree = "<group>"; };
		46BA508C219DBF520079BD11 /* Fryes.app */ = {isa = PBXFileReference; explicitFileType = wrapper.application; includeInIndex = 0; path = Fryes.app; sourceTree = BUILT_PRODUCTS_DIR; };
		46BA508F219DBF520079BD11 /* AppDelegate.swift */ = {isa = PBXFileReference; lastKnownFileType = sourcecode.swift; path = AppDelegate.swift; sourceTree = "<group>"; };
		46BA5096219DBF540079BD11 /* Assets.xcassets */ = {isa = PBXFileReference; lastKnownFileType = folder.assetcatalog; path = Assets.xcassets; sourceTree = "<group>"; };
		46BA5099219DBF540079BD11 /* Base */ = {isa = PBXFileReference; lastKnownFileType = file.storyboard; name = Base; path = Base.lproj/LaunchScreen.storyboard; sourceTree = "<group>"; };
		46BA509B219DBF540079BD11 /* Info.plist */ = {isa = PBXFileReference; lastKnownFileType = text.plist.xml; path = Info.plist; sourceTree = "<group>"; };
		46BA50A1219DC1E10079BD11 /* MainViewController.swift */ = {isa = PBXFileReference; lastKnownFileType = sourcecode.swift; path = MainViewController.swift; sourceTree = "<group>"; };
		46BA50A2219DC1E10079BD11 /* MainViewController.xib */ = {isa = PBXFileReference; lastKnownFileType = file.xib; path = MainViewController.xib; sourceTree = "<group>"; };
/* End PBXFileReference section */

/* Begin PBXFrameworksBuildPhase section */
		46BA5089219DBF520079BD11 /* Frameworks */ = {
			isa = PBXFrameworksBuildPhase;
			buildActionMask = 2147483647;
			files = (
			);
			runOnlyForDeploymentPostprocessing = 0;
		};
/* End PBXFrameworksBuildPhase section */

/* Begin PBXGroup section */
		46BA5083219DBF520079BD11 = {
			isa = PBXGroup;
			children = (
				46BA508E219DBF520079BD11 /* Fryes */,
				46BA508D219DBF520079BD11 /* Products */,
			);
			sourceTree = "<group>";
		};
		46BA508D219DBF520079BD11 /* Products */ = {
			isa = PBXGroup;
			children = (
				46BA508C219DBF520079BD11 /* Fryes.app */,
			);
			name = Products;
			sourceTree = "<group>";
		};
		46BA508E219DBF520079BD11 /* Fryes */ = {
			isa = PBXGroup;
			children = (
				46BA508F219DBF520079BD11 /* AppDelegate.swift */,
				465B8DAD219F8026002C26C4 /* Constants.swift */,
				465B8DAB219F51DA002C26C4 /* Extensions.swift */,
				465B8DB321A2FEC8002C26C4 /* GameManager.swift */,
				46BA50A1219DC1E10079BD11 /* MainViewController.swift */,
				46BA50A2219DC1E10079BD11 /* MainViewController.xib */,
				465B8DA7219E0648002C26C4 /* GameViewController.swift */,
				465B8DA8219E0648002C26C4 /* GameViewController.xib */,
				465B8DAF219FF946002C26C4 /* MessageTableViewCell.swift */,
				465B8DB0219FF946002C26C4 /* MessageTableViewCell.xib */,
				46BA5096219DBF540079BD11 /* Assets.xcassets */,
				46BA5098219DBF540079BD11 /* LaunchScreen.storyboard */,
				46BA509B219DBF540079BD11 /* Info.plist */,
			);
			path = Fryes;
			sourceTree = "<group>";
		};
/* End PBXGroup section */

/* Begin PBXNativeTarget section */
		46BA508B219DBF520079BD11 /* Fryes */ = {
			isa = PBXNativeTarget;
			buildConfigurationList = 46BA509E219DBF540079BD11 /* Build configuration list for PBXNativeTarget "Fryes" */;
			buildPhases = (
				46BA5088219DBF520079BD11 /* Sources */,
				46BA5089219DBF520079BD11 /* Frameworks */,
				46BA508A219DBF520079BD11 /* Resources */,
			);
			buildRules = (
			);
			dependencies = (
			);
			name = Fryes;
			productName = Fryes;
			productReference = 46BA508C219DBF520079BD11 /* Fryes.app */;
			productType = "com.apple.product-type.application";
		};
/* End PBXNativeTarget section */

/* Begin PBXProject section */
		46BA5084219DBF520079BD11 /* Project object */ = {
			isa = PBXProject;
			attributes = {
				LastSwiftUpdateCheck = 1010;
				LastUpgradeCheck = 1010;
				ORGANIZATIONNAME = "Jarvis Wu";
				TargetAttributes = {
					46BA508B219DBF520079BD11 = {
						CreatedOnToolsVersion = 10.1;
					};
				};
			};
			buildConfigurationList = 46BA5087219DBF520079BD11 /* Build configuration list for PBXProject "Fryes" */;
			compatibilityVersion = "Xcode 9.3";
			developmentRegion = en;
			hasScannedForEncodings = 0;
			knownRegions = (
				en,
				Base,
			);
			mainGroup = 46BA5083219DBF520079BD11;
			productRefGroup = 46BA508D219DBF520079BD11 /* Products */;
			projectDirPath = "";
			projectRoot = "";
			targets = (
				46BA508B219DBF520079BD11 /* Fryes */,
			);
		};
/* End PBXProject section */

/* Begin PBXResourcesBuildPhase section */
		46BA508A219DBF520079BD11 /* Resources */ = {
			isa = PBXResourcesBuildPhase;
			buildActionMask = 2147483647;
			files = (
				465B8DAA219E0648002C26C4 /* GameViewController.xib in Resources */,
				46BA509A219DBF540079BD11 /* LaunchScreen.storyboard in Resources */,
				465B8DB2219FF946002C26C4 /* MessageTableViewCell.xib in Resources */,
				46BA50A4219DC1E10079BD11 /* MainViewController.xib in Resources */,
				46BA5097219DBF540079BD11 /* Assets.xcassets in Resources */,
			);
			runOnlyForDeploymentPostprocessing = 0;
		};
/* End PBXResourcesBuildPhase section */

/* Begin PBXSourcesBuildPhase section */
		46BA5088219DBF520079BD11 /* Sources */ = {
			isa = PBXSourcesBuildPhase;
			buildActionMask = 2147483647;
			files = (
				465B8DAE219F8026002C26C4 /* Constants.swift in Sources */,
				46BA5090219DBF520079BD11 /* AppDelegate.swift in Sources */,
				465B8DA9219E0648002C26C4 /* GameViewController.swift in Sources */,
				465B8DB421A2FEC8002C26C4 /* GameManager.swift in Sources */,
				46BA50A3219DC1E10079BD11 /* MainViewController.swift in Sources */,
				465B8DAC219F51DA002C26C4 /* Extensions.swift in Sources */,
				465B8DB1219FF946002C26C4 /* MessageTableViewCell.swift in Sources */,
			);
			runOnlyForDeploymentPostprocessing = 0;
		};
/* End PBXSourcesBuildPhase section */

/* Begin PBXVariantGroup section */
		46BA5098219DBF540079BD11 /* LaunchScreen.storyboard */ = {
			isa = PBXVariantGroup;
			children = (
				46BA5099219DBF540079BD11 /* Base */,
			);
			name = LaunchScreen.storyboard;
			sourceTree = "<group>";
		};
/* End PBXVariantGroup section */

/* Begin XCBuildConfiguration section */
		46BA509C219DBF540079BD11 /* Debug */ = {
			isa = XCBuildConfiguration;
			buildSettings = {
				ALWAYS_SEARCH_USER_PATHS = NO;
				CLANG_ANALYZER_NONNULL = YES;
				CLANG_ANALYZER_NUMBER_OBJECT_CONVERSION = YES_AGGRESSIVE;
				CLANG_CXX_LANGUAGE_STANDARD = "gnu++14";
				CLANG_CXX_LIBRARY = "libc++";
				CLANG_ENABLE_MODULES = YES;
				CLANG_ENABLE_OBJC_ARC = YES;
				CLANG_ENABLE_OBJC_WEAK = YES;
				CLANG_WARN_BLOCK_CAPTURE_AUTORELEASING = YES;
				CLANG_WARN_BOOL_CONVERSION = YES;
				CLANG_WARN_COMMA = YES;
				CLANG_WARN_CONSTANT_CONVERSION = YES;
				CLANG_WARN_DEPRECATED_OBJC_IMPLEMENTATIONS = YES;
				CLANG_WARN_DIRECT_OBJC_ISA_USAGE = YES_ERROR;
				CLANG_WARN_DOCUMENTATION_COMMENTS = YES;
				CLANG_WARN_EMPTY_BODY = YES;
				CLANG_WARN_ENUM_CONVERSION = YES;
				CLANG_WARN_INFINITE_RECURSION = YES;
				CLANG_WARN_INT_CONVERSION = YES;
				CLANG_WARN_NON_LITERAL_NULL_CONVERSION = YES;
				CLANG_WARN_OBJC_IMPLICIT_RETAIN_SELF = YES;
				CLANG_WARN_OBJC_LITERAL_CONVERSION = YES;
				CLANG_WARN_OBJC_ROOT_CLASS = YES_ERROR;
				CLANG_WARN_RANGE_LOOP_ANALYSIS = YES;
				CLANG_WARN_STRICT_PROTOTYPES = YES;
				CLANG_WARN_SUSPICIOUS_MOVE = YES;
				CLANG_WARN_UNGUARDED_AVAILABILITY = YES_AGGRESSIVE;
				CLANG_WARN_UNREACHABLE_CODE = YES;
				CLANG_WARN__DUPLICATE_METHOD_MATCH = YES;
				CODE_SIGN_IDENTITY = "iPhone Developer";
				COPY_PHASE_STRIP = NO;
				DEBUG_INFORMATION_FORMAT = dwarf;
				ENABLE_STRICT_OBJC_MSGSEND = YES;
				ENABLE_TESTABILITY = YES;
				GCC_C_LANGUAGE_STANDARD = gnu11;
				GCC_DYNAMIC_NO_PIC = NO;
				GCC_NO_COMMON_BLOCKS = YES;
				GCC_OPTIMIZATION_LEVEL = 0;
				GCC_PREPROCESSOR_DEFINITIONS = (
					"DEBUG=1",
					"$(inherited)",
				);
				GCC_WARN_64_TO_32_BIT_CONVERSION = YES;
				GCC_WARN_ABOUT_RETURN_TYPE = YES_ERROR;
				GCC_WARN_UNDECLARED_SELECTOR = YES;
				GCC_WARN_UNINITIALIZED_AUTOS = YES_AGGRESSIVE;
				GCC_WARN_UNUSED_FUNCTION = YES;
				GCC_WARN_UNUSED_VARIABLE = YES;
				IPHONEOS_DEPLOYMENT_TARGET = 12.1;
				MTL_ENABLE_DEBUG_INFO = INCLUDE_SOURCE;
				MTL_FAST_MATH = YES;
				ONLY_ACTIVE_ARCH = YES;
				SDKROOT = iphoneos;
				SWIFT_ACTIVE_COMPILATION_CONDITIONS = DEBUG;
				SWIFT_OPTIMIZATION_LEVEL = "-Onone";
			};
			name = Debug;
		};
		46BA509D219DBF540079BD11 /* Release */ = {
			isa = XCBuildConfiguration;
			buildSettings = {
				ALWAYS_SEARCH_USER_PATHS = NO;
				CLANG_ANALYZER_NONNULL = YES;
				CLANG_ANALYZER_NUMBER_OBJECT_CONVERSION = YES_AGGRESSIVE;
				CLANG_CXX_LANGUAGE_STANDARD = "gnu++14";
				CLANG_CXX_LIBRARY = "libc++";
				CLANG_ENABLE_MODULES = YES;
				CLANG_ENABLE_OBJC_ARC = YES;
				CLANG_ENABLE_OBJC_WEAK = YES;
				CLANG_WARN_BLOCK_CAPTURE_AUTORELEASING = YES;
				CLANG_WARN_BOOL_CONVERSION = YES;
				CLANG_WARN_COMMA = YES;
				CLANG_WARN_CONSTANT_CONVERSION = YES;
				CLANG_WARN_DEPRECATED_OBJC_IMPLEMENTATIONS = YES;
				CLANG_WARN_DIRECT_OBJC_ISA_USAGE = YES_ERROR;
				CLANG_WARN_DOCUMENTATION_COMMENTS = YES;
				CLANG_WARN_EMPTY_BODY = YES;
				CLANG_WARN_ENUM_CONVERSION = YES;
				CLANG_WARN_INFINITE_RECURSION = YES;
				CLANG_WARN_INT_CONVERSION = YES;
				CLANG_WARN_NON_LITERAL_NULL_CONVERSION = YES;
				CLANG_WARN_OBJC_IMPLICIT_RETAIN_SELF = YES;
				CLANG_WARN_OBJC_LITERAL_CONVERSION = YES;
				CLANG_WARN_OBJC_ROOT_CLASS = YES_ERROR;
				CLANG_WARN_RANGE_LOOP_ANALYSIS = YES;
				CLANG_WARN_STRICT_PROTOTYPES = YES;
				CLANG_WARN_SUSPICIOUS_MOVE = YES;
				CLANG_WARN_UNGUARDED_AVAILABILITY = YES_AGGRESSIVE;
				CLANG_WARN_UNREACHABLE_CODE = YES;
				CLANG_WARN__DUPLICATE_METHOD_MATCH = YES;
				CODE_SIGN_IDENTITY = "iPhone Developer";
				COPY_PHASE_STRIP = NO;
				DEBUG_INFORMATION_FORMAT = "dwarf-with-dsym";
				ENABLE_NS_ASSERTIONS = NO;
				ENABLE_STRICT_OBJC_MSGSEND = YES;
				GCC_C_LANGUAGE_STANDARD = gnu11;
				GCC_NO_COMMON_BLOCKS = YES;
				GCC_WARN_64_TO_32_BIT_CONVERSION = YES;
				GCC_WARN_ABOUT_RETURN_TYPE = YES_ERROR;
				GCC_WARN_UNDECLARED_SELECTOR = YES;
				GCC_WARN_UNINITIALIZED_AUTOS = YES_AGGRESSIVE;
				GCC_WARN_UNUSED_FUNCTION = YES;
				GCC_WARN_UNUSED_VARIABLE = YES;
				IPHONEOS_DEPLOYMENT_TARGET = 12.1;
				MTL_ENABLE_DEBUG_INFO = NO;
				MTL_FAST_MATH = YES;
				SDKROOT = iphoneos;
				SWIFT_COMPILATION_MODE = wholemodule;
				SWIFT_OPTIMIZATION_LEVEL = "-O";
				VALIDATE_PRODUCT = YES;
			};
			name = Release;
		};
		46BA509F219DBF540079BD11 /* Debug */ = {
			isa = XCBuildConfiguration;
			buildSettings = {
				ASSETCATALOG_COMPILER_APPICON_NAME = AppIcon;
				CODE_SIGN_STYLE = Automatic;
				DEVELOPMENT_TEAM = 6Q257Y99D3;
				INFOPLIST_FILE = Fryes/Info.plist;
				IPHONEOS_DEPLOYMENT_TARGET = 12.0;
				LD_RUNPATH_SEARCH_PATHS = (
					"$(inherited)",
					"@executable_path/Frameworks",
				);
				PRODUCT_BUNDLE_IDENTIFIER = jarviswu.Fryes;
				PRODUCT_NAME = "$(TARGET_NAME)";
				SWIFT_VERSION = 4.2;
				TARGETED_DEVICE_FAMILY = "1,2";
			};
			name = Debug;
		};
		46BA50A0219DBF540079BD11 /* Release */ = {
			isa = XCBuildConfiguration;
			buildSettings = {
				ASSETCATALOG_COMPILER_APPICON_NAME = AppIcon;
				CODE_SIGN_STYLE = Automatic;
				DEVELOPMENT_TEAM = 6Q257Y99D3;
				INFOPLIST_FILE = Fryes/Info.plist;
				IPHONEOS_DEPLOYMENT_TARGET = 12.0;
				LD_RUNPATH_SEARCH_PATHS = (
					"$(inherited)",
					"@executable_path/Frameworks",
				);
				PRODUCT_BUNDLE_IDENTIFIER = jarviswu.Fryes;
				PRODUCT_NAME = "$(TARGET_NAME)";
				SWIFT_VERSION = 4.2;
				TARGETED_DEVICE_FAMILY = "1,2";
			};
			name = Release;
		};
/* End XCBuildConfiguration section */

/* Begin XCConfigurationList section */
		46BA5087219DBF520079BD11 /* Build configuration list for PBXProject "Fryes" */ = {
			isa = XCConfigurationList;
			buildConfigurations = (
				46BA509C219DBF540079BD11 /* Debug */,
				46BA509D219DBF540079BD11 /* Release */,
			);
			defaultConfigurationIsVisible = 0;
			defaultConfigurationName = Release;
		};
		46BA509E219DBF540079BD11 /* Build configuration list for PBXNativeTarget "Fryes" */ = {
			isa = XCConfigurationList;
			buildConfigurations = (
				46BA509F219DBF540079BD11 /* Debug */,
				46BA50A0219DBF540079BD11 /* Release */,
			);
			defaultConfigurationIsVisible = 0;
			defaultConfigurationName = Release;
		};
/* End XCConfigurationList section */
	};
	rootObject = 46BA5084219DBF520079BD11 /* Project object */;
}
